
Microsoft Visual Studio Solution File, Format Version 12.00
# Visual Studio 15
VisualStudioVersion = 15.0.28306.52
MinimumVisualStudioVersion = 10.0.40219.1
Project("{9A19103F-16F7-4668-BE54-9A1E7A4F7556}") = "Simple.Api", "Simple.Api\Simple.Api.csproj", "{C00E99E8-CD31-4C43-8A11-4900C3F8556D}"
EndProject
Project("{9A19103F-16F7-4668-BE54-9A1E7A4F7556}") = "Simple.Api.Tests", "Simple.Api.Tests\Simple.Api.Tests.csproj", "{36FF0EE1-7692-44B7-A811-4DEC85837715}"
EndProject
Global
	GlobalSection(SolutionConfigurationPlatforms) = preSolution
		Debug|Any CPU = Debug|Any CPU
		Release|Any CPU = Release|Any CPU
	EndGlobalSection
	GlobalSection(ProjectConfigurationPlatforms) = postSolution
		{C00E99E8-CD31-4C43-8A11-4900C3F8556D}.Debug|Any CPU.ActiveCfg = Debug|Any CPU
		{C00E99E8-CD31-4C43-8A11-4900C3F8556D}.Debug|Any CPU.Build.0 = Debug|Any CPU
		{C00E99E8-CD31-4C43-8A11-4900C3F8556D}.Release|Any CPU.ActiveCfg = Release|Any CPU
		{C00E99E8-CD31-4C43-8A11-4900C3F8556D}.Release|Any CPU.Build.0 = Release|Any CPU
		{36FF0EE1-7692-44B7-A811-4DEC85837715}.Debug|Any CPU.ActiveCfg = Debug|Any CPU
		{36FF0EE1-7692-44B7-A811-4DEC85837715}.Debug|Any CPU.Build.0 = Debug|Any CPU
		{36FF0EE1-7692-44B7-A811-4DEC85837715}.Release|Any CPU.ActiveCfg = Release|Any CPU
		{36FF0EE1-7692-44B7-A811-4DEC85837715}.Release|Any CPU.Build.0 = Release|Any CPU
	EndGlobalSection
	GlobalSection(SolutionProperties) = preSolution
		HideSolutionNode = FALSE
	EndGlobalSection
	GlobalSection(ExtensibilityGlobals) = postSolution
		SolutionGuid = {2AA1DEC2-ACA5-447B-BB6D-7D58BBC612C8}
	EndGlobalSection
EndGlobal
